// !$*UTF8*$!
{
	archiveVersion = 1;
	classes = {
	};
	objectVersion = 55;
	objects = {

/* Begin PBXBuildFile section */
		239751142850D17F007ECCCF /* SplashViewController.swift in Sources */ = {isa = PBXBuildFile; fileRef = 239751132850D17F007ECCCF /* SplashViewController.swift */; };
		239751162850D20D007ECCCF /* Helpers.swift in Sources */ = {isa = PBXBuildFile; fileRef = 239751152850D20D007ECCCF /* Helpers.swift */; };
		239751182850D293007ECCCF /* AppNavigator.swift in Sources */ = {isa = PBXBuildFile; fileRef = 239751172850D293007ECCCF /* AppNavigator.swift */; };
		2397511F2850E1A9007ECCCF /* Screen.swift in Sources */ = {isa = PBXBuildFile; fileRef = 2397511E2850E1A9007ECCCF /* Screen.swift */; };
		23975126285288B4007ECCCF /* ShiftsNavigator.swift in Sources */ = {isa = PBXBuildFile; fileRef = 23975125285288B4007ECCCF /* ShiftsNavigator.swift */; };
		2397512A2852899C007ECCCF /* JobDetailViewController.swift in Sources */ = {isa = PBXBuildFile; fileRef = 239751282852899C007ECCCF /* JobDetailViewController.swift */; };
		2397512B2852899C007ECCCF /* JobDetailViewModel.swift in Sources */ = {isa = PBXBuildFile; fileRef = 239751292852899C007ECCCF /* JobDetailViewModel.swift */; };
		5F158821282E896A00FBF2EA /* AppDelegate.swift in Sources */ = {isa = PBXBuildFile; fileRef = 5F158820282E896A00FBF2EA /* AppDelegate.swift */; };
		5F158823282E896A00FBF2EA /* SceneDelegate.swift in Sources */ = {isa = PBXBuildFile; fileRef = 5F158822282E896A00FBF2EA /* SceneDelegate.swift */; };
		5F15882A282E896C00FBF2EA /* Assets.xcassets in Resources */ = {isa = PBXBuildFile; fileRef = 5F158829282E896C00FBF2EA /* Assets.xcassets */; };
		5F15882D282E896C00FBF2EA /* LaunchScreen.storyboard in Resources */ = {isa = PBXBuildFile; fileRef = 5F15882B282E896C00FBF2EA /* LaunchScreen.storyboard */; };
		5F158838282E896C00FBF2EA /* NavigatorPOCTests.swift in Sources */ = {isa = PBXBuildFile; fileRef = 5F158837282E896C00FBF2EA /* NavigatorPOCTests.swift */; };
		5F158842282E896C00FBF2EA /* NavigatorPOCUITests.swift in Sources */ = {isa = PBXBuildFile; fileRef = 5F158841282E896C00FBF2EA /* NavigatorPOCUITests.swift */; };
		5F158844282E896C00FBF2EA /* NavigatorPOCUITestsLaunchTests.swift in Sources */ = {isa = PBXBuildFile; fileRef = 5F158843282E896C00FBF2EA /* NavigatorPOCUITestsLaunchTests.swift */; };
		5F158860282F7EF200FBF2EA /* SnapKit in Frameworks */ = {isa = PBXBuildFile; productRef = 5F15885F282F7EF200FBF2EA /* SnapKit */; };
		5F158865282F9C6A00FBF2EA /* Destination.swift in Sources */ = {isa = PBXBuildFile; fileRef = 5F158864282F9C6A00FBF2EA /* Destination.swift */; };
		5F158867282F9DC500FBF2EA /* Navigator.swift in Sources */ = {isa = PBXBuildFile; fileRef = 5F158866282F9DC500FBF2EA /* Navigator.swift */; };
		5F43AA0828325CD800851279 /* OnboardingFlow.swift in Sources */ = {isa = PBXBuildFile; fileRef = 5F43AA0728325CD800851279 /* OnboardingFlow.swift */; };
		5F43AA0C2833876400851279 /* OnboardingFlowTests.swift in Sources */ = {isa = PBXBuildFile; fileRef = 5F43AA0B2833876400851279 /* OnboardingFlowTests.swift */; };
		5F43AA0E283388D200851279 /* NavigatorSpy.swift in Sources */ = {isa = PBXBuildFile; fileRef = 5F43AA0D283388D200851279 /* NavigatorSpy.swift */; };
		5F43AA1428338DB500851279 /* SnapshotTesting in Frameworks */ = {isa = PBXBuildFile; productRef = 5F43AA1328338DB500851279 /* SnapshotTesting */; };
		5FB2C4962830FA6F00A87AA2 /* AppEnvironment.swift in Sources */ = {isa = PBXBuildFile; fileRef = 5FB2C4952830FA6F00A87AA2 /* AppEnvironment.swift */; };
		5FB2C4982830FA8D00A87AA2 /* Environment.swift in Sources */ = {isa = PBXBuildFile; fileRef = 5FB2C4972830FA8D00A87AA2 /* Environment.swift */; };
		5FB2C49A283119EA00A87AA2 /* Screen+ViewControllers.swift in Sources */ = {isa = PBXBuildFile; fileRef = 5FB2C499283119EA00A87AA2 /* Screen+ViewControllers.swift */; };
		C2DA9C20284125A300325D5D /* OnboardingViewController.swift in Sources */ = {isa = PBXBuildFile; fileRef = C2DA9C1F284125A300325D5D /* OnboardingViewController.swift */; };
		C2DA9C22284125B700325D5D /* OnboardingViewModel.swift in Sources */ = {isa = PBXBuildFile; fileRef = C2DA9C21284125B700325D5D /* OnboardingViewModel.swift */; };
		C2DA9C252841267D00325D5D /* ShiftOverviewViewController.swift in Sources */ = {isa = PBXBuildFile; fileRef = C2DA9C242841267D00325D5D /* ShiftOverviewViewController.swift */; };
		C2DA9C272841268A00325D5D /* ShiftOverviewViewModel.swift in Sources */ = {isa = PBXBuildFile; fileRef = C2DA9C262841268A00325D5D /* ShiftOverviewViewModel.swift */; };
		C2DA9C2A284126CB00325D5D /* ProfileViewModel.swift in Sources */ = {isa = PBXBuildFile; fileRef = C2DA9C29284126CB00325D5D /* ProfileViewModel.swift */; };
		C2DA9C2C284126D500325D5D /* ProfileViewController.swift in Sources */ = {isa = PBXBuildFile; fileRef = C2DA9C2B284126D500325D5D /* ProfileViewController.swift */; };
		C2DA9C342841279D00325D5D /* ShiftApplicationVATViewModel.swift in Sources */ = {isa = PBXBuildFile; fileRef = C2DA9C332841279D00325D5D /* ShiftApplicationVATViewModel.swift */; };
		C2DA9C36284127A600325D5D /* ShiftApplicationVATViewController.swift in Sources */ = {isa = PBXBuildFile; fileRef = C2DA9C35284127A600325D5D /* ShiftApplicationVATViewController.swift */; };
		C2DA9C39284127E300325D5D /* ShiftApplicationSkillsViewModel.swift in Sources */ = {isa = PBXBuildFile; fileRef = C2DA9C38284127E300325D5D /* ShiftApplicationSkillsViewModel.swift */; };
		C2DA9C3B284127ED00325D5D /* ShiftApplicationSkillsViewController.swift in Sources */ = {isa = PBXBuildFile; fileRef = C2DA9C3A284127ED00325D5D /* ShiftApplicationSkillsViewController.swift */; };
		C2DA9C3D2844C66100325D5D /* ViewContext.swift in Sources */ = {isa = PBXBuildFile; fileRef = C2DA9C3C2844C66100325D5D /* ViewContext.swift */; };
/* End PBXBuildFile section */

/* Begin PBXContainerItemProxy section */
		5F158834282E896C00FBF2EA /* PBXContainerItemProxy */ = {
			isa = PBXContainerItemProxy;
			containerPortal = 5F158815282E896A00FBF2EA /* Project object */;
			proxyType = 1;
			remoteGlobalIDString = 5F15881C282E896A00FBF2EA;
			remoteInfo = NavigatorPOC;
		};
		5F15883E282E896C00FBF2EA /* PBXContainerItemProxy */ = {
			isa = PBXContainerItemProxy;
			containerPortal = 5F158815282E896A00FBF2EA /* Project object */;
			proxyType = 1;
			remoteGlobalIDString = 5F15881C282E896A00FBF2EA;
			remoteInfo = NavigatorPOC;
		};
/* End PBXContainerItemProxy section */

/* Begin PBXFileReference section */
		239751132850D17F007ECCCF /* SplashViewController.swift */ = {isa = PBXFileReference; lastKnownFileType = sourcecode.swift; path = SplashViewController.swift; sourceTree = "<group>"; };
		239751152850D20D007ECCCF /* Helpers.swift */ = {isa = PBXFileReference; lastKnownFileType = sourcecode.swift; path = Helpers.swift; sourceTree = "<group>"; };
		239751172850D293007ECCCF /* AppNavigator.swift */ = {isa = PBXFileReference; lastKnownFileType = sourcecode.swift; path = AppNavigator.swift; sourceTree = "<group>"; };
		2397511E2850E1A9007ECCCF /* Screen.swift */ = {isa = PBXFileReference; lastKnownFileType = sourcecode.swift; path = Screen.swift; sourceTree = "<group>"; };
		23975125285288B4007ECCCF /* ShiftsNavigator.swift */ = {isa = PBXFileReference; lastKnownFileType = sourcecode.swift; path = ShiftsNavigator.swift; sourceTree = "<group>"; };
		239751282852899C007ECCCF /* JobDetailViewController.swift */ = {isa = PBXFileReference; fileEncoding = 4; lastKnownFileType = sourcecode.swift; path = JobDetailViewController.swift; sourceTree = "<group>"; };
		239751292852899C007ECCCF /* JobDetailViewModel.swift */ = {isa = PBXFileReference; fileEncoding = 4; lastKnownFileType = sourcecode.swift; path = JobDetailViewModel.swift; sourceTree = "<group>"; };
		5F15881D282E896A00FBF2EA /* NavigatorPOC.app */ = {isa = PBXFileReference; explicitFileType = wrapper.application; includeInIndex = 0; path = NavigatorPOC.app; sourceTree = BUILT_PRODUCTS_DIR; };
		5F158820282E896A00FBF2EA /* AppDelegate.swift */ = {isa = PBXFileReference; lastKnownFileType = sourcecode.swift; path = AppDelegate.swift; sourceTree = "<group>"; };
		5F158822282E896A00FBF2EA /* SceneDelegate.swift */ = {isa = PBXFileReference; lastKnownFileType = sourcecode.swift; path = SceneDelegate.swift; sourceTree = "<group>"; };
		5F158829282E896C00FBF2EA /* Assets.xcassets */ = {isa = PBXFileReference; lastKnownFileType = folder.assetcatalog; path = Assets.xcassets; sourceTree = "<group>"; };
		5F15882C282E896C00FBF2EA /* Base */ = {isa = PBXFileReference; lastKnownFileType = file.storyboard; name = Base; path = Base.lproj/LaunchScreen.storyboard; sourceTree = "<group>"; };
		5F15882E282E896C00FBF2EA /* Info.plist */ = {isa = PBXFileReference; lastKnownFileType = text.plist.xml; path = Info.plist; sourceTree = "<group>"; };
		5F158833282E896C00FBF2EA /* NavigatorPOCTests.xctest */ = {isa = PBXFileReference; explicitFileType = wrapper.cfbundle; includeInIndex = 0; path = NavigatorPOCTests.xctest; sourceTree = BUILT_PRODUCTS_DIR; };
		5F158837282E896C00FBF2EA /* NavigatorPOCTests.swift */ = {isa = PBXFileReference; lastKnownFileType = sourcecode.swift; path = NavigatorPOCTests.swift; sourceTree = "<group>"; };
		5F15883D282E896C00FBF2EA /* NavigatorPOCUITests.xctest */ = {isa = PBXFileReference; explicitFileType = wrapper.cfbundle; includeInIndex = 0; path = NavigatorPOCUITests.xctest; sourceTree = BUILT_PRODUCTS_DIR; };
		5F158841282E896C00FBF2EA /* NavigatorPOCUITests.swift */ = {isa = PBXFileReference; lastKnownFileType = sourcecode.swift; path = NavigatorPOCUITests.swift; sourceTree = "<group>"; };
		5F158843282E896C00FBF2EA /* NavigatorPOCUITestsLaunchTests.swift */ = {isa = PBXFileReference; lastKnownFileType = sourcecode.swift; path = NavigatorPOCUITestsLaunchTests.swift; sourceTree = "<group>"; };
		5F158864282F9C6A00FBF2EA /* Destination.swift */ = {isa = PBXFileReference; lastKnownFileType = sourcecode.swift; path = Destination.swift; sourceTree = "<group>"; };
		5F158866282F9DC500FBF2EA /* Navigator.swift */ = {isa = PBXFileReference; lastKnownFileType = sourcecode.swift; path = Navigator.swift; sourceTree = "<group>"; };
		5F43AA0728325CD800851279 /* OnboardingFlow.swift */ = {isa = PBXFileReference; lastKnownFileType = sourcecode.swift; path = OnboardingFlow.swift; sourceTree = "<group>"; };
		5F43AA0B2833876400851279 /* OnboardingFlowTests.swift */ = {isa = PBXFileReference; lastKnownFileType = sourcecode.swift; path = OnboardingFlowTests.swift; sourceTree = "<group>"; };
		5F43AA0D283388D200851279 /* NavigatorSpy.swift */ = {isa = PBXFileReference; lastKnownFileType = sourcecode.swift; path = NavigatorSpy.swift; sourceTree = "<group>"; };
		5FB2C4952830FA6F00A87AA2 /* AppEnvironment.swift */ = {isa = PBXFileReference; lastKnownFileType = sourcecode.swift; path = AppEnvironment.swift; sourceTree = "<group>"; };
		5FB2C4972830FA8D00A87AA2 /* Environment.swift */ = {isa = PBXFileReference; lastKnownFileType = sourcecode.swift; path = Environment.swift; sourceTree = "<group>"; };
		5FB2C499283119EA00A87AA2 /* Screen+ViewControllers.swift */ = {isa = PBXFileReference; lastKnownFileType = sourcecode.swift; path = "Screen+ViewControllers.swift"; sourceTree = "<group>"; };
		C2DA9C1F284125A300325D5D /* OnboardingViewController.swift */ = {isa = PBXFileReference; lastKnownFileType = sourcecode.swift; path = OnboardingViewController.swift; sourceTree = "<group>"; };
		C2DA9C21284125B700325D5D /* OnboardingViewModel.swift */ = {isa = PBXFileReference; lastKnownFileType = sourcecode.swift; path = OnboardingViewModel.swift; sourceTree = "<group>"; };
		C2DA9C242841267D00325D5D /* ShiftOverviewViewController.swift */ = {isa = PBXFileReference; lastKnownFileType = sourcecode.swift; path = ShiftOverviewViewController.swift; sourceTree = "<group>"; };
		C2DA9C262841268A00325D5D /* ShiftOverviewViewModel.swift */ = {isa = PBXFileReference; lastKnownFileType = sourcecode.swift; path = ShiftOverviewViewModel.swift; sourceTree = "<group>"; };
		C2DA9C29284126CB00325D5D /* ProfileViewModel.swift */ = {isa = PBXFileReference; lastKnownFileType = sourcecode.swift; path = ProfileViewModel.swift; sourceTree = "<group>"; };
		C2DA9C2B284126D500325D5D /* ProfileViewController.swift */ = {isa = PBXFileReference; lastKnownFileType = sourcecode.swift; path = ProfileViewController.swift; sourceTree = "<group>"; };
		C2DA9C332841279D00325D5D /* ShiftApplicationVATViewModel.swift */ = {isa = PBXFileReference; lastKnownFileType = sourcecode.swift; path = ShiftApplicationVATViewModel.swift; sourceTree = "<group>"; };
		C2DA9C35284127A600325D5D /* ShiftApplicationVATViewController.swift */ = {isa = PBXFileReference; lastKnownFileType = sourcecode.swift; path = ShiftApplicationVATViewController.swift; sourceTree = "<group>"; };
		C2DA9C38284127E300325D5D /* ShiftApplicationSkillsViewModel.swift */ = {isa = PBXFileReference; lastKnownFileType = sourcecode.swift; path = ShiftApplicationSkillsViewModel.swift; sourceTree = "<group>"; };
		C2DA9C3A284127ED00325D5D /* ShiftApplicationSkillsViewController.swift */ = {isa = PBXFileReference; lastKnownFileType = sourcecode.swift; path = ShiftApplicationSkillsViewController.swift; sourceTree = "<group>"; };
		C2DA9C3C2844C66100325D5D /* ViewContext.swift */ = {isa = PBXFileReference; lastKnownFileType = sourcecode.swift; path = ViewContext.swift; sourceTree = "<group>"; };
/* End PBXFileReference section */

/* Begin PBXFrameworksBuildPhase section */
		5F15881A282E896A00FBF2EA /* Frameworks */ = {
			isa = PBXFrameworksBuildPhase;
			buildActionMask = 2147483647;
			files = (
				5F158860282F7EF200FBF2EA /* SnapKit in Frameworks */,
			);
			runOnlyForDeploymentPostprocessing = 0;
		};
		5F158830282E896C00FBF2EA /* Frameworks */ = {
			isa = PBXFrameworksBuildPhase;
			buildActionMask = 2147483647;
			files = (
				5F43AA1428338DB500851279 /* SnapshotTesting in Frameworks */,
			);
			runOnlyForDeploymentPostprocessing = 0;
		};
		5F15883A282E896C00FBF2EA /* Frameworks */ = {
			isa = PBXFrameworksBuildPhase;
			buildActionMask = 2147483647;
			files = (
			);
			runOnlyForDeploymentPostprocessing = 0;
		};
/* End PBXFrameworksBuildPhase section */

/* Begin PBXGroup section */
		239751122850CF3D007ECCCF /* App */ = {
			isa = PBXGroup;
			children = (
				239751152850D20D007ECCCF /* Helpers.swift */,
				5F158820282E896A00FBF2EA /* AppDelegate.swift */,
				5F158822282E896A00FBF2EA /* SceneDelegate.swift */,
				239751132850D17F007ECCCF /* SplashViewController.swift */,
				239751172850D293007ECCCF /* AppNavigator.swift */,
			);
			path = App;
			sourceTree = "<group>";
		};
		2397512428528855007ECCCF /* Shifts */ = {
			isa = PBXGroup;
			children = (
				23975125285288B4007ECCCF /* ShiftsNavigator.swift */,
				239751272852899C007ECCCF /* JobDetail */,
				C2DA9C232841265E00325D5D /* ShiftOverview */,
				C2DA9C37284127D000325D5D /* ShiftApplicationSkills */,
				C2DA9C322841278600325D5D /* ShiftApplicationVAT */,
			);
			path = Shifts;
			sourceTree = "<group>";
		};
		239751272852899C007ECCCF /* JobDetail */ = {
			isa = PBXGroup;
			children = (
				239751282852899C007ECCCF /* JobDetailViewController.swift */,
				239751292852899C007ECCCF /* JobDetailViewModel.swift */,
			);
			name = JobDetail;
			path = NavigatorPOC/Screens/JobDetail;
			sourceTree = SOURCE_ROOT;
		};
		5F158814282E896A00FBF2EA = {
			isa = PBXGroup;
			children = (
				5F15881F282E896A00FBF2EA /* NavigatorPOC */,
				5F158836282E896C00FBF2EA /* NavigatorPOCTests */,
				5F158840282E896C00FBF2EA /* NavigatorPOCUITests */,
				5F15881E282E896A00FBF2EA /* Products */,
			);
			sourceTree = "<group>";
		};
		5F15881E282E896A00FBF2EA /* Products */ = {
			isa = PBXGroup;
			children = (
				5F15881D282E896A00FBF2EA /* NavigatorPOC.app */,
				5F158833282E896C00FBF2EA /* NavigatorPOCTests.xctest */,
				5F15883D282E896C00FBF2EA /* NavigatorPOCUITests.xctest */,
			);
			name = Products;
			sourceTree = "<group>";
		};
		5F15881F282E896A00FBF2EA /* NavigatorPOC */ = {
			isa = PBXGroup;
			children = (
				239751122850CF3D007ECCCF /* App */,
				C2DA9C1C2841244000325D5D /* Environment */,
				5F158863282F9C6000FBF2EA /* Navigation */,
				C2DA9C1D2841257000325D5D /* Screens */,
				5F158829282E896C00FBF2EA /* Assets.xcassets */,
				5F15882E282E896C00FBF2EA /* Info.plist */,
				5F15882B282E896C00FBF2EA /* LaunchScreen.storyboard */,
			);
			path = NavigatorPOC;
			sourceTree = "<group>";
		};
		5F158836282E896C00FBF2EA /* NavigatorPOCTests */ = {
			isa = PBXGroup;
			children = (
				5F158837282E896C00FBF2EA /* NavigatorPOCTests.swift */,
				5F43AA0B2833876400851279 /* OnboardingFlowTests.swift */,
				5F43AA0D283388D200851279 /* NavigatorSpy.swift */,
			);
			path = NavigatorPOCTests;
			sourceTree = "<group>";
		};
		5F158840282E896C00FBF2EA /* NavigatorPOCUITests */ = {
			isa = PBXGroup;
			children = (
				5F158841282E896C00FBF2EA /* NavigatorPOCUITests.swift */,
				5F158843282E896C00FBF2EA /* NavigatorPOCUITestsLaunchTests.swift */,
			);
			path = NavigatorPOCUITests;
			sourceTree = "<group>";
		};
		5F158863282F9C6000FBF2EA /* Navigation */ = {
			isa = PBXGroup;
			children = (
				2397511E2850E1A9007ECCCF /* Screen.swift */,
				5F158864282F9C6A00FBF2EA /* Destination.swift */,
				5F158866282F9DC500FBF2EA /* Navigator.swift */,
				C2DA9C3C2844C66100325D5D /* ViewContext.swift */,
			);
			path = Navigation;
			sourceTree = "<group>";
		};
		C2DA9C1C2841244000325D5D /* Environment */ = {
			isa = PBXGroup;
			children = (
				5FB2C4952830FA6F00A87AA2 /* AppEnvironment.swift */,
				5FB2C4972830FA8D00A87AA2 /* Environment.swift */,
			);
			path = Environment;
			sourceTree = "<group>";
		};
		C2DA9C1D2841257000325D5D /* Screens */ = {
			isa = PBXGroup;
			children = (
				5FB2C499283119EA00A87AA2 /* Screen+ViewControllers.swift */,
				C2DA9C1E2841257F00325D5D /* Onboarding */,
				C2DA9C28284126BA00325D5D /* Profile */,
				2397512428528855007ECCCF /* Shifts */,
			);
			path = Screens;
			sourceTree = "<group>";
		};
		C2DA9C1E2841257F00325D5D /* Onboarding */ = {
			isa = PBXGroup;
			children = (
				5F43AA0728325CD800851279 /* OnboardingFlow.swift */,
				C2DA9C21284125B700325D5D /* OnboardingViewModel.swift */,
				C2DA9C1F284125A300325D5D /* OnboardingViewController.swift */,
			);
			path = Onboarding;
			sourceTree = "<group>";
		};
		C2DA9C232841265E00325D5D /* ShiftOverview */ = {
			isa = PBXGroup;
			children = (
				C2DA9C242841267D00325D5D /* ShiftOverviewViewController.swift */,
				C2DA9C262841268A00325D5D /* ShiftOverviewViewModel.swift */,
			);
			path = ShiftOverview;
			sourceTree = "<group>";
		};
		C2DA9C28284126BA00325D5D /* Profile */ = {
			isa = PBXGroup;
			children = (
				C2DA9C2B284126D500325D5D /* ProfileViewController.swift */,
				C2DA9C29284126CB00325D5D /* ProfileViewModel.swift */,
			);
			path = Profile;
			sourceTree = "<group>";
		};
		C2DA9C322841278600325D5D /* ShiftApplicationVAT */ = {
			isa = PBXGroup;
			children = (
				C2DA9C35284127A600325D5D /* ShiftApplicationVATViewController.swift */,
				C2DA9C332841279D00325D5D /* ShiftApplicationVATViewModel.swift */,
			);
			path = ShiftApplicationVAT;
			sourceTree = "<group>";
		};
		C2DA9C37284127D000325D5D /* ShiftApplicationSkills */ = {
			isa = PBXGroup;
			children = (
				C2DA9C3A284127ED00325D5D /* ShiftApplicationSkillsViewController.swift */,
				C2DA9C38284127E300325D5D /* ShiftApplicationSkillsViewModel.swift */,
			);
			path = ShiftApplicationSkills;
			sourceTree = "<group>";
		};
/* End PBXGroup section */

/* Begin PBXNativeTarget section */
		5F15881C282E896A00FBF2EA /* NavigatorPOC */ = {
			isa = PBXNativeTarget;
			buildConfigurationList = 5F158847282E896C00FBF2EA /* Build configuration list for PBXNativeTarget "NavigatorPOC" */;
			buildPhases = (
				5F158819282E896A00FBF2EA /* Sources */,
				5F15881A282E896A00FBF2EA /* Frameworks */,
				5F15881B282E896A00FBF2EA /* Resources */,
			);
			buildRules = (
			);
			dependencies = (
			);
			name = NavigatorPOC;
			packageProductDependencies = (
				5F15885F282F7EF200FBF2EA /* SnapKit */,
			);
			productName = NavigatorPOC;
			productReference = 5F15881D282E896A00FBF2EA /* NavigatorPOC.app */;
			productType = "com.apple.product-type.application";
		};
		5F158832282E896C00FBF2EA /* NavigatorPOCTests */ = {
			isa = PBXNativeTarget;
			buildConfigurationList = 5F15884A282E896C00FBF2EA /* Build configuration list for PBXNativeTarget "NavigatorPOCTests" */;
			buildPhases = (
				5F15882F282E896C00FBF2EA /* Sources */,
				5F158830282E896C00FBF2EA /* Frameworks */,
				5F158831282E896C00FBF2EA /* Resources */,
			);
			buildRules = (
			);
			dependencies = (
				5F158835282E896C00FBF2EA /* PBXTargetDependency */,
			);
			name = NavigatorPOCTests;
			packageProductDependencies = (
				5F43AA1328338DB500851279 /* SnapshotTesting */,
			);
			productName = NavigatorPOCTests;
			productReference = 5F158833282E896C00FBF2EA /* NavigatorPOCTests.xctest */;
			productType = "com.apple.product-type.bundle.unit-test";
		};
		5F15883C282E896C00FBF2EA /* NavigatorPOCUITests */ = {
			isa = PBXNativeTarget;
			buildConfigurationList = 5F15884D282E896C00FBF2EA /* Build configuration list for PBXNativeTarget "NavigatorPOCUITests" */;
			buildPhases = (
				5F158839282E896C00FBF2EA /* Sources */,
				5F15883A282E896C00FBF2EA /* Frameworks */,
				5F15883B282E896C00FBF2EA /* Resources */,
			);
			buildRules = (
			);
			dependencies = (
				5F15883F282E896C00FBF2EA /* PBXTargetDependency */,
			);
			name = NavigatorPOCUITests;
			productName = NavigatorPOCUITests;
			productReference = 5F15883D282E896C00FBF2EA /* NavigatorPOCUITests.xctest */;
			productType = "com.apple.product-type.bundle.ui-testing";
		};
/* End PBXNativeTarget section */

/* Begin PBXProject section */
		5F158815282E896A00FBF2EA /* Project object */ = {
			isa = PBXProject;
			attributes = {
				BuildIndependentTargetsInParallel = 1;
				LastSwiftUpdateCheck = 1330;
				LastUpgradeCheck = 1330;
				TargetAttributes = {
					5F15881C282E896A00FBF2EA = {
						CreatedOnToolsVersion = 13.3;
					};
					5F158832282E896C00FBF2EA = {
						CreatedOnToolsVersion = 13.3;
						TestTargetID = 5F15881C282E896A00FBF2EA;
					};
					5F15883C282E896C00FBF2EA = {
						CreatedOnToolsVersion = 13.3;
						TestTargetID = 5F15881C282E896A00FBF2EA;
					};
				};
			};
			buildConfigurationList = 5F158818282E896A00FBF2EA /* Build configuration list for PBXProject "NavigatorPOC" */;
			compatibilityVersion = "Xcode 13.0";
			developmentRegion = en;
			hasScannedForEncodings = 0;
			knownRegions = (
				en,
				Base,
			);
			mainGroup = 5F158814282E896A00FBF2EA;
			packageReferences = (
				5F15885E282F7EF200FBF2EA /* XCRemoteSwiftPackageReference "SnapKit" */,
				5F43AA1228338DB500851279 /* XCRemoteSwiftPackageReference "swift-snapshot-testing" */,
			);
			productRefGroup = 5F15881E282E896A00FBF2EA /* Products */;
			projectDirPath = "";
			projectRoot = "";
			targets = (
				5F15881C282E896A00FBF2EA /* NavigatorPOC */,
				5F158832282E896C00FBF2EA /* NavigatorPOCTests */,
				5F15883C282E896C00FBF2EA /* NavigatorPOCUITests */,
			);
		};
/* End PBXProject section */

/* Begin PBXResourcesBuildPhase section */
		5F15881B282E896A00FBF2EA /* Resources */ = {
			isa = PBXResourcesBuildPhase;
			buildActionMask = 2147483647;
			files = (
				5F15882D282E896C00FBF2EA /* LaunchScreen.storyboard in Resources */,
				5F15882A282E896C00FBF2EA /* Assets.xcassets in Resources */,
			);
			runOnlyForDeploymentPostprocessing = 0;
		};
		5F158831282E896C00FBF2EA /* Resources */ = {
			isa = PBXResourcesBuildPhase;
			buildActionMask = 2147483647;
			files = (
			);
			runOnlyForDeploymentPostprocessing = 0;
		};
		5F15883B282E896C00FBF2EA /* Resources */ = {
			isa = PBXResourcesBuildPhase;
			buildActionMask = 2147483647;
			files = (
			);
			runOnlyForDeploymentPostprocessing = 0;
		};
/* End PBXResourcesBuildPhase section */

/* Begin PBXSourcesBuildPhase section */
		5F158819282E896A00FBF2EA /* Sources */ = {
			isa = PBXSourcesBuildPhase;
			buildActionMask = 2147483647;
			files = (
				5FB2C4962830FA6F00A87AA2 /* AppEnvironment.swift in Sources */,
				C2DA9C3D2844C66100325D5D /* ViewContext.swift in Sources */,
				C2DA9C252841267D00325D5D /* ShiftOverviewViewController.swift in Sources */,
				C2DA9C39284127E300325D5D /* ShiftApplicationSkillsViewModel.swift in Sources */,
				23975126285288B4007ECCCF /* ShiftsNavigator.swift in Sources */,
				239751162850D20D007ECCCF /* Helpers.swift in Sources */,
				5FB2C4982830FA8D00A87AA2 /* Environment.swift in Sources */,
				2397512A2852899C007ECCCF /* JobDetailViewController.swift in Sources */,
				C2DA9C3B284127ED00325D5D /* ShiftApplicationSkillsViewController.swift in Sources */,
				5F158867282F9DC500FBF2EA /* Navigator.swift in Sources */,
				5F158865282F9C6A00FBF2EA /* Destination.swift in Sources */,
				C2DA9C2C284126D500325D5D /* ProfileViewController.swift in Sources */,
				5F158821282E896A00FBF2EA /* AppDelegate.swift in Sources */,
				C2DA9C272841268A00325D5D /* ShiftOverviewViewModel.swift in Sources */,
				C2DA9C2A284126CB00325D5D /* ProfileViewModel.swift in Sources */,
				239751182850D293007ECCCF /* AppNavigator.swift in Sources */,
				C2DA9C22284125B700325D5D /* OnboardingViewModel.swift in Sources */,
				C2DA9C36284127A600325D5D /* ShiftApplicationVATViewController.swift in Sources */,
				5F158823282E896A00FBF2EA /* SceneDelegate.swift in Sources */,
				C2DA9C342841279D00325D5D /* ShiftApplicationVATViewModel.swift in Sources */,
				2397511F2850E1A9007ECCCF /* Screen.swift in Sources */,
				5F43AA0828325CD800851279 /* OnboardingFlow.swift in Sources */,
				C2DA9C20284125A300325D5D /* OnboardingViewController.swift in Sources */,
				5FB2C49A283119EA00A87AA2 /* Screen+ViewControllers.swift in Sources */,
				239751142850D17F007ECCCF /* SplashViewController.swift in Sources */,
				2397512B2852899C007ECCCF /* JobDetailViewModel.swift in Sources */,
			);
			runOnlyForDeploymentPostprocessing = 0;
		};
		5F15882F282E896C00FBF2EA /* Sources */ = {
			isa = PBXSourcesBuildPhase;
			buildActionMask = 2147483647;
			files = (
				5F43AA0E283388D200851279 /* NavigatorSpy.swift in Sources */,
				5F43AA0C2833876400851279 /* OnboardingFlowTests.swift in Sources */,
				5F158838282E896C00FBF2EA /* NavigatorPOCTests.swift in Sources */,
			);
			runOnlyForDeploymentPostprocessing = 0;
		};
		5F158839282E896C00FBF2EA /* Sources */ = {
			isa = PBXSourcesBuildPhase;
			buildActionMask = 2147483647;
			files = (
				5F158842282E896C00FBF2EA /* NavigatorPOCUITests.swift in Sources */,
				5F158844282E896C00FBF2EA /* NavigatorPOCUITestsLaunchTests.swift in Sources */,
			);
			runOnlyForDeploymentPostprocessing = 0;
		};
/* End PBXSourcesBuildPhase section */

/* Begin PBXTargetDependency section */
		5F158835282E896C00FBF2EA /* PBXTargetDependency */ = {
			isa = PBXTargetDependency;
			target = 5F15881C282E896A00FBF2EA /* NavigatorPOC */;
			targetProxy = 5F158834282E896C00FBF2EA /* PBXContainerItemProxy */;
		};
		5F15883F282E896C00FBF2EA /* PBXTargetDependency */ = {
			isa = PBXTargetDependency;
			target = 5F15881C282E896A00FBF2EA /* NavigatorPOC */;
			targetProxy = 5F15883E282E896C00FBF2EA /* PBXContainerItemProxy */;
		};
/* End PBXTargetDependency section */

/* Begin PBXVariantGroup section */
		5F15882B282E896C00FBF2EA /* LaunchScreen.storyboard */ = {
			isa = PBXVariantGroup;
			children = (
				5F15882C282E896C00FBF2EA /* Base */,
			);
			name = LaunchScreen.storyboard;
			sourceTree = "<group>";
		};
/* End PBXVariantGroup section */

/* Begin XCBuildConfiguration section */
		5F158845282E896C00FBF2EA /* Debug */ = {
			isa = XCBuildConfiguration;
			buildSettings = {
				ALWAYS_SEARCH_USER_PATHS = NO;
				CLANG_ANALYZER_NONNULL = YES;
				CLANG_ANALYZER_NUMBER_OBJECT_CONVERSION = YES_AGGRESSIVE;
				CLANG_CXX_LANGUAGE_STANDARD = "gnu++17";
				CLANG_ENABLE_MODULES = YES;
				CLANG_ENABLE_OBJC_ARC = YES;
				CLANG_ENABLE_OBJC_WEAK = YES;
				CLANG_WARN_BLOCK_CAPTURE_AUTORELEASING = YES;
				CLANG_WARN_BOOL_CONVERSION = YES;
				CLANG_WARN_COMMA = YES;
				CLANG_WARN_CONSTANT_CONVERSION = YES;
				CLANG_WARN_DEPRECATED_OBJC_IMPLEMENTATIONS = YES;
				CLANG_WARN_DIRECT_OBJC_ISA_USAGE = YES_ERROR;
				CLANG_WARN_DOCUMENTATION_COMMENTS = YES;
				CLANG_WARN_EMPTY_BODY = YES;
				CLANG_WARN_ENUM_CONVERSION = YES;
				CLANG_WARN_INFINITE_RECURSION = YES;
				CLANG_WARN_INT_CONVERSION = YES;
				CLANG_WARN_NON_LITERAL_NULL_CONVERSION = YES;
				CLANG_WARN_OBJC_IMPLICIT_RETAIN_SELF = YES;
				CLANG_WARN_OBJC_LITERAL_CONVERSION = YES;
				CLANG_WARN_OBJC_ROOT_CLASS = YES_ERROR;
				CLANG_WARN_QUOTED_INCLUDE_IN_FRAMEWORK_HEADER = YES;
				CLANG_WARN_RANGE_LOOP_ANALYSIS = YES;
				CLANG_WARN_STRICT_PROTOTYPES = YES;
				CLANG_WARN_SUSPICIOUS_MOVE = YES;
				CLANG_WARN_UNGUARDED_AVAILABILITY = YES_AGGRESSIVE;
				CLANG_WARN_UNREACHABLE_CODE = YES;
				CLANG_WARN__DUPLICATE_METHOD_MATCH = YES;
				COPY_PHASE_STRIP = NO;
				DEBUG_INFORMATION_FORMAT = dwarf;
				ENABLE_STRICT_OBJC_MSGSEND = YES;
				ENABLE_TESTABILITY = YES;
				GCC_C_LANGUAGE_STANDARD = gnu11;
				GCC_DYNAMIC_NO_PIC = NO;
				GCC_NO_COMMON_BLOCKS = YES;
				GCC_OPTIMIZATION_LEVEL = 0;
				GCC_PREPROCESSOR_DEFINITIONS = (
					"DEBUG=1",
					"$(inherited)",
				);
				GCC_WARN_64_TO_32_BIT_CONVERSION = YES;
				GCC_WARN_ABOUT_RETURN_TYPE = YES_ERROR;
				GCC_WARN_UNDECLARED_SELECTOR = YES;
				GCC_WARN_UNINITIALIZED_AUTOS = YES_AGGRESSIVE;
				GCC_WARN_UNUSED_FUNCTION = YES;
				GCC_WARN_UNUSED_VARIABLE = YES;
				IPHONEOS_DEPLOYMENT_TARGET = 15.4;
				MTL_ENABLE_DEBUG_INFO = INCLUDE_SOURCE;
				MTL_FAST_MATH = YES;
				ONLY_ACTIVE_ARCH = YES;
				SDKROOT = iphoneos;
				SWIFT_ACTIVE_COMPILATION_CONDITIONS = DEBUG;
				SWIFT_OPTIMIZATION_LEVEL = "-Onone";
			};
			name = Debug;
		};
		5F158846282E896C00FBF2EA /* Release */ = {
			isa = XCBuildConfiguration;
			buildSettings = {
				ALWAYS_SEARCH_USER_PATHS = NO;
				CLANG_ANALYZER_NONNULL = YES;
				CLANG_ANALYZER_NUMBER_OBJECT_CONVERSION = YES_AGGRESSIVE;
				CLANG_CXX_LANGUAGE_STANDARD = "gnu++17";
				CLANG_ENABLE_MODULES = YES;
				CLANG_ENABLE_OBJC_ARC = YES;
				CLANG_ENABLE_OBJC_WEAK = YES;
				CLANG_WARN_BLOCK_CAPTURE_AUTORELEASING = YES;
				CLANG_WARN_BOOL_CONVERSION = YES;
				CLANG_WARN_COMMA = YES;
				CLANG_WARN_CONSTANT_CONVERSION = YES;
				CLANG_WARN_DEPRECATED_OBJC_IMPLEMENTATIONS = YES;
				CLANG_WARN_DIRECT_OBJC_ISA_USAGE = YES_ERROR;
				CLANG_WARN_DOCUMENTATION_COMMENTS = YES;
				CLANG_WARN_EMPTY_BODY = YES;
				CLANG_WARN_ENUM_CONVERSION = YES;
				CLANG_WARN_INFINITE_RECURSION = YES;
				CLANG_WARN_INT_CONVERSION = YES;
				CLANG_WARN_NON_LITERAL_NULL_CONVERSION = YES;
				CLANG_WARN_OBJC_IMPLICIT_RETAIN_SELF = YES;
				CLANG_WARN_OBJC_LITERAL_CONVERSION = YES;
				CLANG_WARN_OBJC_ROOT_CLASS = YES_ERROR;
				CLANG_WARN_QUOTED_INCLUDE_IN_FRAMEWORK_HEADER = YES;
				CLANG_WARN_RANGE_LOOP_ANALYSIS = YES;
				CLANG_WARN_STRICT_PROTOTYPES = YES;
				CLANG_WARN_SUSPICIOUS_MOVE = YES;
				CLANG_WARN_UNGUARDED_AVAILABILITY = YES_AGGRESSIVE;
				CLANG_WARN_UNREACHABLE_CODE = YES;
				CLANG_WARN__DUPLICATE_METHOD_MATCH = YES;
				COPY_PHASE_STRIP = NO;
				DEBUG_INFORMATION_FORMAT = "dwarf-with-dsym";
				ENABLE_NS_ASSERTIONS = NO;
				ENABLE_STRICT_OBJC_MSGSEND = YES;
				GCC_C_LANGUAGE_STANDARD = gnu11;
				GCC_NO_COMMON_BLOCKS = YES;
				GCC_WARN_64_TO_32_BIT_CONVERSION = YES;
				GCC_WARN_ABOUT_RETURN_TYPE = YES_ERROR;
				GCC_WARN_UNDECLARED_SELECTOR = YES;
				GCC_WARN_UNINITIALIZED_AUTOS = YES_AGGRESSIVE;
				GCC_WARN_UNUSED_FUNCTION = YES;
				GCC_WARN_UNUSED_VARIABLE = YES;
				IPHONEOS_DEPLOYMENT_TARGET = 15.4;
				MTL_ENABLE_DEBUG_INFO = NO;
				MTL_FAST_MATH = YES;
				SDKROOT = iphoneos;
				SWIFT_COMPILATION_MODE = wholemodule;
				SWIFT_OPTIMIZATION_LEVEL = "-O";
				VALIDATE_PRODUCT = YES;
			};
			name = Release;
		};
		5F158848282E896C00FBF2EA /* Debug */ = {
			isa = XCBuildConfiguration;
			buildSettings = {
				ASSETCATALOG_COMPILER_APPICON_NAME = AppIcon;
				ASSETCATALOG_COMPILER_GLOBAL_ACCENT_COLOR_NAME = AccentColor;
				CODE_SIGN_STYLE = Automatic;
				CURRENT_PROJECT_VERSION = 1;
				GENERATE_INFOPLIST_FILE = YES;
				INFOPLIST_FILE = NavigatorPOC/Info.plist;
				INFOPLIST_KEY_UIApplicationSupportsIndirectInputEvents = YES;
				INFOPLIST_KEY_UILaunchStoryboardName = LaunchScreen;
				INFOPLIST_KEY_UISupportedInterfaceOrientations_iPad = "UIInterfaceOrientationPortrait UIInterfaceOrientationPortraitUpsideDown UIInterfaceOrientationLandscapeLeft UIInterfaceOrientationLandscapeRight";
				INFOPLIST_KEY_UISupportedInterfaceOrientations_iPhone = "UIInterfaceOrientationPortrait UIInterfaceOrientationLandscapeLeft UIInterfaceOrientationLandscapeRight";
				LD_RUNPATH_SEARCH_PATHS = (
					"$(inherited)",
					"@executable_path/Frameworks",
				);
				MARKETING_VERSION = 1.0;
				PRODUCT_BUNDLE_IDENTIFIER = alujan.NavigatorPOC;
				PRODUCT_NAME = "$(TARGET_NAME)";
				SWIFT_EMIT_LOC_STRINGS = YES;
				SWIFT_VERSION = 5.0;
				TARGETED_DEVICE_FAMILY = "1,2";
			};
			name = Debug;
		};
		5F158849282E896C00FBF2EA /* Release */ = {
			isa = XCBuildConfiguration;
			buildSettings = {
				ASSETCATALOG_COMPILER_APPICON_NAME = AppIcon;
				ASSETCATALOG_COMPILER_GLOBAL_ACCENT_COLOR_NAME = AccentColor;
				CODE_SIGN_STYLE = Automatic;
				CURRENT_PROJECT_VERSION = 1;
				GENERATE_INFOPLIST_FILE = YES;
				INFOPLIST_FILE = NavigatorPOC/Info.plist;
				INFOPLIST_KEY_UIApplicationSupportsIndirectInputEvents = YES;
				INFOPLIST_KEY_UILaunchStoryboardName = LaunchScreen;
				INFOPLIST_KEY_UISupportedInterfaceOrientations_iPad = "UIInterfaceOrientationPortrait UIInterfaceOrientationPortraitUpsideDown UIInterfaceOrientationLandscapeLeft UIInterfaceOrientationLandscapeRight";
				INFOPLIST_KEY_UISupportedInterfaceOrientations_iPhone = "UIInterfaceOrientationPortrait UIInterfaceOrientationLandscapeLeft UIInterfaceOrientationLandscapeRight";
				LD_RUNPATH_SEARCH_PATHS = (
					"$(inherited)",
					"@executable_path/Frameworks",
				);
				MARKETING_VERSION = 1.0;
				PRODUCT_BUNDLE_IDENTIFIER = alujan.NavigatorPOC;
				PRODUCT_NAME = "$(TARGET_NAME)";
				SWIFT_EMIT_LOC_STRINGS = YES;
				SWIFT_VERSION = 5.0;
				TARGETED_DEVICE_FAMILY = "1,2";
			};
			name = Release;
		};
		5F15884B282E896C00FBF2EA /* Debug */ = {
			isa = XCBuildConfiguration;
			buildSettings = {
				ALWAYS_EMBED_SWIFT_STANDARD_LIBRARIES = YES;
				BUNDLE_LOADER = "$(TEST_HOST)";
				CODE_SIGN_STYLE = Automatic;
				CURRENT_PROJECT_VERSION = 1;
				GENERATE_INFOPLIST_FILE = YES;
				IPHONEOS_DEPLOYMENT_TARGET = 15.4;
				MARKETING_VERSION = 1.0;
				PRODUCT_BUNDLE_IDENTIFIER = alujan.NavigatorPOCTests;
				PRODUCT_NAME = "$(TARGET_NAME)";
				SWIFT_EMIT_LOC_STRINGS = NO;
				SWIFT_VERSION = 5.0;
				TARGETED_DEVICE_FAMILY = "1,2";
				TEST_HOST = "$(BUILT_PRODUCTS_DIR)/NavigatorPOC.app/NavigatorPOC";
			};
			name = Debug;
		};
		5F15884C282E896C00FBF2EA /* Release */ = {
			isa = XCBuildConfiguration;
			buildSettings = {
				ALWAYS_EMBED_SWIFT_STANDARD_LIBRARIES = YES;
				BUNDLE_LOADER = "$(TEST_HOST)";
				CODE_SIGN_STYLE = Automatic;
				CURRENT_PROJECT_VERSION = 1;
				GENERATE_INFOPLIST_FILE = YES;
				IPHONEOS_DEPLOYMENT_TARGET = 15.4;
				MARKETING_VERSION = 1.0;
				PRODUCT_BUNDLE_IDENTIFIER = alujan.NavigatorPOCTests;
				PRODUCT_NAME = "$(TARGET_NAME)";
				SWIFT_EMIT_LOC_STRINGS = NO;
				SWIFT_VERSION = 5.0;
				TARGETED_DEVICE_FAMILY = "1,2";
				TEST_HOST = "$(BUILT_PRODUCTS_DIR)/NavigatorPOC.app/NavigatorPOC";
			};
			name = Release;
		};
		5F15884E282E896C00FBF2EA /* Debug */ = {
			isa = XCBuildConfiguration;
			buildSettings = {
				ALWAYS_EMBED_SWIFT_STANDARD_LIBRARIES = YES;
				CODE_SIGN_STYLE = Automatic;
				CURRENT_PROJECT_VERSION = 1;
				GENERATE_INFOPLIST_FILE = YES;
				MARKETING_VERSION = 1.0;
				PRODUCT_BUNDLE_IDENTIFIER = alujan.NavigatorPOCUITests;
				PRODUCT_NAME = "$(TARGET_NAME)";
				SWIFT_EMIT_LOC_STRINGS = NO;
				SWIFT_VERSION = 5.0;
				TARGETED_DEVICE_FAMILY = "1,2";
				TEST_TARGET_NAME = NavigatorPOC;
			};
			name = Debug;
		};
		5F15884F282E896C00FBF2EA /* Release */ = {
			isa = XCBuildConfiguration;
			buildSettings = {
				ALWAYS_EMBED_SWIFT_STANDARD_LIBRARIES = YES;
				CODE_SIGN_STYLE = Automatic;
				CURRENT_PROJECT_VERSION = 1;
				GENERATE_INFOPLIST_FILE = YES;
				MARKETING_VERSION = 1.0;
				PRODUCT_BUNDLE_IDENTIFIER = alujan.NavigatorPOCUITests;
				PRODUCT_NAME = "$(TARGET_NAME)";
				SWIFT_EMIT_LOC_STRINGS = NO;
				SWIFT_VERSION = 5.0;
				TARGETED_DEVICE_FAMILY = "1,2";
				TEST_TARGET_NAME = NavigatorPOC;
			};
			name = Release;
		};
/* End XCBuildConfiguration section */

/* Begin XCConfigurationList section */
		5F158818282E896A00FBF2EA /* Build configuration list for PBXProject "NavigatorPOC" */ = {
			isa = XCConfigurationList;
			buildConfigurations = (
				5F158845282E896C00FBF2EA /* Debug */,
				5F158846282E896C00FBF2EA /* Release */,
			);
			defaultConfigurationIsVisible = 0;
			defaultConfigurationName = Release;
		};
		5F158847282E896C00FBF2EA /* Build configuration list for PBXNativeTarget "NavigatorPOC" */ = {
			isa = XCConfigurationList;
			buildConfigurations = (
				5F158848282E896C00FBF2EA /* Debug */,
				5F158849282E896C00FBF2EA /* Release */,
			);
			defaultConfigurationIsVisible = 0;
			defaultConfigurationName = Release;
		};
		5F15884A282E896C00FBF2EA /* Build configuration list for PBXNativeTarget "NavigatorPOCTests" */ = {
			isa = XCConfigurationList;
			buildConfigurations = (
				5F15884B282E896C00FBF2EA /* Debug */,
				5F15884C282E896C00FBF2EA /* Release */,
			);
			defaultConfigurationIsVisible = 0;
			defaultConfigurationName = Release;
		};
		5F15884D282E896C00FBF2EA /* Build configuration list for PBXNativeTarget "NavigatorPOCUITests" */ = {
			isa = XCConfigurationList;
			buildConfigurations = (
				5F15884E282E896C00FBF2EA /* Debug */,
				5F15884F282E896C00FBF2EA /* Release */,
			);
			defaultConfigurationIsVisible = 0;
			defaultConfigurationName = Release;
		};
/* End XCConfigurationList section */

/* Begin XCRemoteSwiftPackageReference section */
		5F15885E282F7EF200FBF2EA /* XCRemoteSwiftPackageReference "SnapKit" */ = {
			isa = XCRemoteSwiftPackageReference;
			repositoryURL = "https://github.com/SnapKit/SnapKit";
			requirement = {
				kind = upToNextMajorVersion;
				minimumVersion = 5.0.0;
			};
		};
		5F43AA1228338DB500851279 /* XCRemoteSwiftPackageReference "swift-snapshot-testing" */ = {
			isa = XCRemoteSwiftPackageReference;
			repositoryURL = "https://github.com/pointfreeco/swift-snapshot-testing.git";
			requirement = {
				branch = main;
				kind = branch;
			};
		};
/* End XCRemoteSwiftPackageReference section */

/* Begin XCSwiftPackageProductDependency section */
		5F15885F282F7EF200FBF2EA /* SnapKit */ = {
			isa = XCSwiftPackageProductDependency;
			package = 5F15885E282F7EF200FBF2EA /* XCRemoteSwiftPackageReference "SnapKit" */;
			productName = SnapKit;
		};
		5F43AA1328338DB500851279 /* SnapshotTesting */ = {
			isa = XCSwiftPackageProductDependency;
			package = 5F43AA1228338DB500851279 /* XCRemoteSwiftPackageReference "swift-snapshot-testing" */;
			productName = SnapshotTesting;
		};
/* End XCSwiftPackageProductDependency section */
	};
	rootObject = 5F158815282E896A00FBF2EA /* Project object */;
}
